
Microsoft Visual Studio Solution File, Format Version 12.00
# Visual Studio Version 17
VisualStudioVersion = 17.0.31903.59
MinimumVisualStudioVersion = 10.0.40219.1
Project("{2150E333-8FDC-42A3-9474-1A3956D46DE8}") = "src", "src", "{827E0CD3-B72D-47B6-A68D-7590B98EB39B}"
EndProject
Project("{FAE04EC0-301F-11D3-BF4B-00C04F79EFBC}") = "MaintenanceRequestSystem.Domain", "src\MaintenanceRequestSystem.Domain\MaintenanceRequestSystem.Domain.csproj", "{18B236CB-D460-4E5C-896D-5E4405A6C559}"
EndProject
Project("{FAE04EC0-301F-11D3-BF4B-00C04F79EFBC}") = "MaintenanceRequestSystem.Application", "src\MaintenanceRequestSystem.Application\MaintenanceRequestSystem.Application.csproj", "{6D705C14-C0D1-498A-9891-50F540B027BE}"
EndProject
Project("{FAE04EC0-301F-11D3-BF4B-00C04F79EFBC}") = "MaintenanceRequestSystem.Infrastructure", "src\MaintenanceRequestSystem.Infrastructure\MaintenanceRequestSystem.Infrastructure.csproj", "{EE9E72AA-8F08-4CD2-806F-015A8DB63312}"
EndProject
Project("{FAE04EC0-301F-11D3-BF4B-00C04F79EFBC}") = "MaintenanceRequestSystem.Api", "src\MaintenanceRequestSystem.Api\MaintenanceRequestSystem.Api.csproj", "{1FF156BD-7FE1-4FB9-B729-F06C10B6950B}"
EndProject
Project("{2150E333-8FDC-42A3-9474-1A3956D46DE8}") = "tests", "tests", "{0AB3BF05-4346-4AA6-1389-037BE0695223}"
EndProject
Project("{FAE04EC0-301F-11D3-BF4B-00C04F79EFBC}") = "MaintenanceRequestSystem.UnitTests", "tests\MaintenanceRequestSystem.UnitTests\MaintenanceRequestSystem.UnitTests.csproj", "{CE3E8172-11A4-4E1F-9FED-DC90CEACE32D}"
EndProject
Project("{FAE04EC0-301F-11D3-BF4B-00C04F79EFBC}") = "MaintenanceRequestSystem.IntegrationTests", "tests\MaintenanceRequestSystem.IntegrationTests\MaintenanceRequestSystem.IntegrationTests.csproj", "{B21CFDC8-F8F1-4A2E-8229-3FFB9DB76E52}"
EndProject
Global
	GlobalSection(SolutionConfigurationPlatforms) = preSolution
		Debug|Any CPU = Debug|Any CPU
		Debug|x64 = Debug|x64
		Debug|x86 = Debug|x86
		Release|Any CPU = Release|Any CPU
		Release|x64 = Release|x64
		Release|x86 = Release|x86
	EndGlobalSection
	GlobalSection(ProjectConfigurationPlatforms) = postSolution
		{18B236CB-D460-4E5C-896D-5E4405A6C559}.Debug|Any CPU.ActiveCfg = Debug|Any CPU
		{18B236CB-D460-4E5C-896D-5E4405A6C559}.Debug|Any CPU.Build.0 = Debug|Any CPU
		{18B236CB-D460-4E5C-896D-5E4405A6C559}.Debug|x64.ActiveCfg = Debug|Any CPU
		{18B236CB-D460-4E5C-896D-5E4405A6C559}.Debug|x64.Build.0 = Debug|Any CPU
		{18B236CB-D460-4E5C-896D-5E4405A6C559}.Debug|x86.ActiveCfg = Debug|Any CPU
		{18B236CB-D460-4E5C-896D-5E4405A6C559}.Debug|x86.Build.0 = Debug|Any CPU
		{18B236CB-D460-4E5C-896D-5E4405A6C559}.Release|Any CPU.ActiveCfg = Release|Any CPU
		{18B236CB-D460-4E5C-896D-5E4405A6C559}.Release|Any CPU.Build.0 = Release|Any CPU
		{18B236CB-D460-4E5C-896D-5E4405A6C559}.Release|x64.ActiveCfg = Release|Any CPU
		{18B236CB-D460-4E5C-896D-5E4405A6C559}.Release|x64.Build.0 = Release|Any CPU
		{18B236CB-D460-4E5C-896D-5E4405A6C559}.Release|x86.ActiveCfg = Release|Any CPU
		{18B236CB-D460-4E5C-896D-5E4405A6C559}.Release|x86.Build.0 = Release|Any CPU
		{6D705C14-C0D1-498A-9891-50F540B027BE}.Debug|Any CPU.ActiveCfg = Debug|Any CPU
		{6D705C14-C0D1-498A-9891-50F540B027BE}.Debug|Any CPU.Build.0 = Debug|Any CPU
		{6D705C14-C0D1-498A-9891-50F540B027BE}.Debug|x64.ActiveCfg = Debug|Any CPU
		{6D705C14-C0D1-498A-9891-50F540B027BE}.Debug|x64.Build.0 = Debug|Any CPU
		{6D705C14-C0D1-498A-9891-50F540B027BE}.Debug|x86.ActiveCfg = Debug|Any CPU
		{6D705C14-C0D1-498A-9891-50F540B027BE}.Debug|x86.Build.0 = Debug|Any CPU
		{6D705C14-C0D1-498A-9891-50F540B027BE}.Release|Any CPU.ActiveCfg = Release|Any CPU
		{6D705C14-C0D1-498A-9891-50F540B027BE}.Release|Any CPU.Build.0 = Release|Any CPU
		{6D705C14-C0D1-498A-9891-50F540B027BE}.Release|x64.ActiveCfg = Release|Any CPU
		{6D705C14-C0D1-498A-9891-50F540B027BE}.Release|x64.Build.0 = Release|Any CPU
		{6D705C14-C0D1-498A-9891-50F540B027BE}.Release|x86.ActiveCfg = Release|Any CPU
		{6D705C14-C0D1-498A-9891-50F540B027BE}.Release|x86.Build.0 = Release|Any CPU
		{EE9E72AA-8F08-4CD2-806F-015A8DB63312}.Debug|Any CPU.ActiveCfg = Debug|Any CPU
		{EE9E72AA-8F08-4CD2-806F-015A8DB63312}.Debug|Any CPU.Build.0 = Debug|Any CPU
		{EE9E72AA-8F08-4CD2-806F-015A8DB63312}.Debug|x64.ActiveCfg = Debug|Any CPU
		{EE9E72AA-8F08-4CD2-806F-015A8DB63312}.Debug|x64.Build.0 = Debug|Any CPU
		{EE9E72AA-8F08-4CD2-806F-015A8DB63312}.Debug|x86.ActiveCfg = Debug|Any CPU
		{EE9E72AA-8F08-4CD2-806F-015A8DB63312}.Debug|x86.Build.0 = Debug|Any CPU
		{EE9E72AA-8F08-4CD2-806F-015A8DB63312}.Release|Any CPU.ActiveCfg = Release|Any CPU
		{EE9E72AA-8F08-4CD2-806F-015A8DB63312}.Release|Any CPU.Build.0 = Release|Any CPU
		{EE9E72AA-8F08-4CD2-806F-015A8DB63312}.Release|x64.ActiveCfg = Release|Any CPU
		{EE9E72AA-8F08-4CD2-806F-015A8DB63312}.Release|x64.Build.0 = Release|Any CPU
		{EE9E72AA-8F08-4CD2-806F-015A8DB63312}.Release|x86.ActiveCfg = Release|Any CPU
		{EE9E72AA-8F08-4CD2-806F-015A8DB63312}.Release|x86.Build.0 = Release|Any CPU
		{1FF156BD-7FE1-4FB9-B729-F06C10B6950B}.Debug|Any CPU.ActiveCfg = Debug|Any CPU
		{1FF156BD-7FE1-4FB9-B729-F06C10B6950B}.Debug|Any CPU.Build.0 = Debug|Any CPU
		{1FF156BD-7FE1-4FB9-B729-F06C10B6950B}.Debug|x64.ActiveCfg = Debug|Any CPU
		{1FF156BD-7FE1-4FB9-B729-F06C10B6950B}.Debug|x64.Build.0 = Debug|Any CPU
		{1FF156BD-7FE1-4FB9-B729-F06C10B6950B}.Debug|x86.ActiveCfg = Debug|Any CPU
		{1FF156BD-7FE1-4FB9-B729-F06C10B6950B}.Debug|x86.Build.0 = Debug|Any CPU
		{1FF156BD-7FE1-4FB9-B729-F06C10B6950B}.Release|Any CPU.ActiveCfg = Release|Any CPU
		{1FF156BD-7FE1-4FB9-B729-F06C10B6950B}.Release|Any CPU.Build.0 = Release|Any CPU
		{1FF156BD-7FE1-4FB9-B729-F06C10B6950B}.Release|x64.ActiveCfg = Release|Any CPU
		{1FF156BD-7FE1-4FB9-B729-F06C10B6950B}.Release|x64.Build.0 = Release|Any CPU
		{1FF156BD-7FE1-4FB9-B729-F06C10B6950B}.Release|x86.ActiveCfg = Release|Any CPU
		{1FF156BD-7FE1-4FB9-B729-F06C10B6950B}.Release|x86.Build.0 = Release|Any CPU
		{CE3E8172-11A4-4E1F-9FED-DC90CEACE32D}.Debug|Any CPU.ActiveCfg = Debug|Any CPU
		{CE3E8172-11A4-4E1F-9FED-DC90CEACE32D}.Debug|Any CPU.Build.0 = Debug|Any CPU
		{CE3E8172-11A4-4E1F-9FED-DC90CEACE32D}.Debug|x64.ActiveCfg = Debug|Any CPU
		{CE3E8172-11A4-4E1F-9FED-DC90CEACE32D}.Debug|x64.Build.0 = Debug|Any CPU
		{CE3E8172-11A4-4E1F-9FED-DC90CEACE32D}.Debug|x86.ActiveCfg = Debug|Any CPU
		{CE3E8172-11A4-4E1F-9FED-DC90CEACE32D}.Debug|x86.Build.0 = Debug|Any CPU
		{CE3E8172-11A4-4E1F-9FED-DC90CEACE32D}.Release|Any CPU.ActiveCfg = Release|Any CPU
		{CE3E8172-11A4-4E1F-9FED-DC90CEACE32D}.Release|Any CPU.Build.0 = Release|Any CPU
		{CE3E8172-11A4-4E1F-9FED-DC90CEACE32D}.Release|x64.ActiveCfg = Release|Any CPU
		{CE3E8172-11A4-4E1F-9FED-DC90CEACE32D}.Release|x64.Build.0 = Release|Any CPU
		{CE3E8172-11A4-4E1F-9FED-DC90CEACE32D}.Release|x86.ActiveCfg = Release|Any CPU
		{CE3E8172-11A4-4E1F-9FED-DC90CEACE32D}.Release|x86.Build.0 = Release|Any CPU
		{B21CFDC8-F8F1-4A2E-8229-3FFB9DB76E52}.Debug|Any CPU.ActiveCfg = Debug|Any CPU
		{B21CFDC8-F8F1-4A2E-8229-3FFB9DB76E52}.Debug|Any CPU.Build.0 = Debug|Any CPU
		{B21CFDC8-F8F1-4A2E-8229-3FFB9DB76E52}.Debug|x64.ActiveCfg = Debug|Any CPU
		{B21CFDC8-F8F1-4A2E-8229-3FFB9DB76E52}.Debug|x64.Build.0 = Debug|Any CPU
		{B21CFDC8-F8F1-4A2E-8229-3FFB9DB76E52}.Debug|x86.ActiveCfg = Debug|Any CPU
		{B21CFDC8-F8F1-4A2E-8229-3FFB9DB76E52}.Debug|x86.Build.0 = Debug|Any CPU
		{B21CFDC8-F8F1-4A2E-8229-3FFB9DB76E52}.Release|Any CPU.ActiveCfg = Release|Any CPU
		{B21CFDC8-F8F1-4A2E-8229-3FFB9DB76E52}.Release|Any CPU.Build.0 = Release|Any CPU
		{B21CFDC8-F8F1-4A2E-8229-3FFB9DB76E52}.Release|x64.ActiveCfg = Release|Any CPU
		{B21CFDC8-F8F1-4A2E-8229-3FFB9DB76E52}.Release|x64.Build.0 = Release|Any CPU
		{B21CFDC8-F8F1-4A2E-8229-3FFB9DB76E52}.Release|x86.ActiveCfg = Release|Any CPU
		{B21CFDC8-F8F1-4A2E-8229-3FFB9DB76E52}.Release|x86.Build.0 = Release|Any CPU
	EndGlobalSection
	GlobalSection(SolutionProperties) = preSolution
		HideSolutionNode = FALSE
	EndGlobalSection
	GlobalSection(NestedProjects) = preSolution
		{18B236CB-D460-4E5C-896D-5E4405A6C559} = {827E0CD3-B72D-47B6-A68D-7590B98EB39B}
		{6D705C14-C0D1-498A-9891-50F540B027BE} = {827E0CD3-B72D-47B6-A68D-7590B98EB39B}
		{EE9E72AA-8F08-4CD2-806F-015A8DB63312} = {827E0CD3-B72D-47B6-A68D-7590B98EB39B}
		{1FF156BD-7FE1-4FB9-B729-F06C10B6950B} = {827E0CD3-B72D-47B6-A68D-7590B98EB39B}
		{CE3E8172-11A4-4E1F-9FED-DC90CEACE32D} = {0AB3BF05-4346-4AA6-1389-037BE0695223}
		{B21CFDC8-F8F1-4A2E-8229-3FFB9DB76E52} = {0AB3BF05-4346-4AA6-1389-037BE0695223}
	EndGlobalSection
EndGlobal
